
Microsoft Visual Studio Solution File, Format Version 12.00
# Visual Studio Version 17
VisualStudioVersion = 17.0.31912.275
MinimumVisualStudioVersion = 10.0.40219.1
Project("{FAE04EC0-301F-11D3-BF4B-00C04F79EFBC}") = "TerstenSayiYazma", "TerstenSayiYazma\TerstenSayiYazma.csproj", "{FAF93267-FDBC-4D1B-8EF3-CD7002692983}"
EndProject
Global
	GlobalSection(SolutionConfigurationPlatforms) = preSolution
		Debug|Any CPU = Debug|Any CPU
		Release|Any CPU = Release|Any CPU
	EndGlobalSection
	GlobalSection(ProjectConfigurationPlatforms) = postSolution
		{FAF93267-FDBC-4D1B-8EF3-CD7002692983}.Debug|Any CPU.ActiveCfg = Debug|Any CPU
		{FAF93267-FDBC-4D1B-8EF3-CD7002692983}.Debug|Any CPU.Build.0 = Debug|Any CPU
		{FAF93267-FDBC-4D1B-8EF3-CD7002692983}.Release|Any CPU.ActiveCfg = Release|Any CPU
		{FAF93267-FDBC-4D1B-8EF3-CD7002692983}.Release|Any CPU.Build.0 = Release|Any CPU
	EndGlobalSection
	GlobalSection(SolutionProperties) = preSolution
		HideSolutionNode = FALSE
	EndGlobalSection
	GlobalSection(ExtensibilityGlobals) = postSolution
		SolutionGuid = {E8A20EF1-688C-4378-A0B1-D5E6F931AA45}
	EndGlobalSection
EndGlobal
